{
  "originHash" : "5ec79456816ed33b584dceec6f58b067884b7376896982a462a71749e59834b4",
  "pins" : [
    {
      "identity" : "grpc-swift",
      "kind" : "remoteSourceControl",
      "location" : "https://github.com/grpc/grpc-swift.git",
      "state" : {
        "revision" : "968f4dc624370326d41a9a45a6e7daf4b6824ee3",
        "version" : "2.0.0-rc.1"
      }
    },
    {
      "identity" : "grpc-swift-nio-transport",
      "kind" : "remoteSourceControl",
      "location" : "https://github.com/grpc/grpc-swift-nio-transport.git",
      "state" : {
        "revision" : "d48be4b276529357ad2fe7975478ebf96a331297",
        "version" : "1.0.0-rc.1"
      }
    },
    {
      "identity" : "grpc-swift-protobuf",
      "kind" : "remoteSourceControl",
      "location" : "https://github.com/grpc/grpc-swift-protobuf.git",
      "state" : {
        "revision" : "4bb3bea121aada4324eefb2b957d2316d20e61f8",
        "version" : "1.0.0-rc.1"
      }
    },
    {
      "identity" : "swift-atomics",
      "kind" : "remoteSourceControl",
      "location" : "https://github.com/apple/swift-atomics.git",
      "state" : {
        "revision" : "cd142fd2f64be2100422d658e7411e39489da985",
        "version" : "1.2.0"
      }
    },
    {
      "identity" : "swift-collections",
      "kind" : "remoteSourceControl",
      "location" : "https://github.com/apple/swift-collections.git",
      "state" : {
        "revision" : "671108c96644956dddcd89dd59c203dcdb36cec7",
        "version" : "1.1.4"
      }
    },
    {
      "identity" : "swift-http-types",
      "kind" : "remoteSourceControl",
      "location" : "https://github.com/apple/swift-http-types",
      "state" : {
        "revision" : "ef18d829e8b92d731ad27bb81583edd2094d1ce3",
        "version" : "1.3.1"
      }
    },
    {
      "identity" : "swift-log",
      "kind" : "remoteSourceControl",
      "location" : "https://github.com/apple/swift-log.git",
      "state" : {
        "revision" : "96a2f8a0fa41e9e09af4585e2724c4e825410b91",
        "version" : "1.6.2"
      }
    },
    {
      "identity" : "swift-nio",
      "kind" : "remoteSourceControl",
      "location" : "https://github.com/apple/swift-nio.git",
      "state" : {
        "revision" : "ba72f31e11275fc5bf060c966cf6c1f36842a291",
        "version" : "2.79.0"
      }
    },
    {
      "identity" : "swift-nio-extras",
      "kind" : "remoteSourceControl",
      "location" : "https://github.com/apple/swift-nio-extras.git",
      "state" : {
        "revision" : "2e9746cfc57554f70b650b021b6ae4738abef3e6",
        "version" : "1.24.1"
      }
    },
    {
      "identity" : "swift-nio-http2",
      "kind" : "remoteSourceControl",
      "location" : "https://github.com/apple/swift-nio-http2.git",
      "state" : {
        "revision" : "170f4ca06b6a9c57b811293cebcb96e81b661310",
        "version" : "1.35.0"
      }
    },
    {
      "identity" : "swift-nio-ssl",
      "kind" : "remoteSourceControl",
      "location" : "https://github.com/apple/swift-nio-ssl.git",
      "state" : {
        "revision" : "c7e95421334b1068490b5d41314a50e70bab23d1",
        "version" : "2.29.0"
      }
    },
    {
      "identity" : "swift-nio-transport-services",
      "kind" : "remoteSourceControl",
      "location" : "https://github.com/apple/swift-nio-transport-services.git",
      "state" : {
        "revision" : "bbd5e63cf949b7db0c9edaf7a21e141c52afe214",
        "version" : "1.23.0"
      }
    },
    {
      "identity" : "swift-protobuf",
      "kind" : "remoteSourceControl",
      "location" : "https://github.com/apple/swift-protobuf.git",
      "state" : {
        "revision" : "ebc7251dd5b37f627c93698e4374084d98409633",
        "version" : "1.28.2"
      }
    },
    {
      "identity" : "swift-system",
      "kind" : "remoteSourceControl",
      "location" : "https://github.com/apple/swift-system.git",
      "state" : {
        "revision" : "c8a44d836fe7913603e246acab7c528c2e780168",
        "version" : "1.4.0"
      }
    }
  ],
  "version" : 3
}
